
Microsoft Visual Studio Solution File, Format Version 12.00
# Visual Studio Version 17
VisualStudioVersion = 17.4.33122.133
MinimumVisualStudioVersion = 10.0.40219.1
Project("{9A19103F-16F7-4668-BE54-9A1E7A4F7556}") = "Libreria_Elia_V0.0", "Libreria_Elia_V0.0.csproj", "{2AEDE221-95CF-4282-AC65-6DBB4FFBECBE}"
EndProject
Global
	GlobalSection(SolutionConfigurationPlatforms) = preSolution
		Debug|Any CPU = Debug|Any CPU
		Release|Any CPU = Release|Any CPU
	EndGlobalSection
	GlobalSection(ProjectConfigurationPlatforms) = postSolution
		{2AEDE221-95CF-4282-AC65-6DBB4FFBECBE}.Debug|Any CPU.ActiveCfg = Debug|Any CPU
		{2AEDE221-95CF-4282-AC65-6DBB4FFBECBE}.Debug|Any CPU.Build.0 = Debug|Any CPU
		{2AEDE221-95CF-4282-AC65-6DBB4FFBECBE}.Release|Any CPU.ActiveCfg = Release|Any CPU
		{2AEDE221-95CF-4282-AC65-6DBB4FFBECBE}.Release|Any CPU.Build.0 = Release|Any CPU
	EndGlobalSection
	GlobalSection(SolutionProperties) = preSolution
		HideSolutionNode = FALSE
	EndGlobalSection
	GlobalSection(ExtensibilityGlobals) = postSolution
		SolutionGuid = {84CE6BFE-2FB1-4A77-A4DF-F7427F18939F}
	EndGlobalSection
EndGlobal
